// !$*UTF8*$!
{
	archiveVersion = 1;
	classes = {
	};
	objectVersion = 50;
	objects = {

/* Begin PBXBuildFile section */
		3D05936661841B9D1861C894 /* libPods-screenLoadingVIew.a in Frameworks */ = {isa = PBXBuildFile; fileRef = 96EBB74F6D374A60134C9B6B /* libPods-screenLoadingVIew.a */; };
		40BCA4D724C5440000783146 /* AppDelegate.m in Sources */ = {isa = PBXBuildFile; fileRef = 40BCA4D624C5440000783146 /* AppDelegate.m */; };
		40BCA4DA24C5440000783146 /* SceneDelegate.m in Sources */ = {isa = PBXBuildFile; fileRef = 40BCA4D924C5440000783146 /* SceneDelegate.m */; };
		40BCA4DD24C5440000783146 /* ViewController.m in Sources */ = {isa = PBXBuildFile; fileRef = 40BCA4DC24C5440000783146 /* ViewController.m */; };
		40BCA4E024C5440000783146 /* Main.storyboard in Resources */ = {isa = PBXBuildFile; fileRef = 40BCA4DE24C5440000783146 /* Main.storyboard */; };
		40BCA4E224C5440100783146 /* Assets.xcassets in Resources */ = {isa = PBXBuildFile; fileRef = 40BCA4E124C5440100783146 /* Assets.xcassets */; };
		40BCA4E524C5440100783146 /* LaunchScreen.storyboard in Resources */ = {isa = PBXBuildFile; fileRef = 40BCA4E324C5440100783146 /* LaunchScreen.storyboard */; };
		40BCA4E824C5440100783146 /* main.m in Sources */ = {isa = PBXBuildFile; fileRef = 40BCA4E724C5440100783146 /* main.m */; };
		40BCA4F124C5452C00783146 /* config.json in Resources */ = {isa = PBXBuildFile; fileRef = 40BCA4F024C5452C00783146 /* config.json */; };
/* End PBXBuildFile section */

/* Begin PBXFileReference section */
		06F0A03A3C292FB821E12624 /* Pods-screenLoadingVIew.release.xcconfig */ = {isa = PBXFileReference; includeInIndex = 1; lastKnownFileType = text.xcconfig; name = "Pods-screenLoadingVIew.release.xcconfig"; path = "Target Support Files/Pods-screenLoadingVIew/Pods-screenLoadingVIew.release.xcconfig"; sourceTree = "<group>"; };
		40BCA4D224C5440000783146 /* screenLoadingVIew.app */ = {isa = PBXFileReference; explicitFileType = wrapper.application; includeInIndex = 0; path = screenLoadingVIew.app; sourceTree = BUILT_PRODUCTS_DIR; };
		40BCA4D524C5440000783146 /* AppDelegate.h */ = {isa = PBXFileReference; lastKnownFileType = sourcecode.c.h; path = AppDelegate.h; sourceTree = "<group>"; };
		40BCA4D624C5440000783146 /* AppDelegate.m */ = {isa = PBXFileReference; lastKnownFileType = sourcecode.c.objc; path = AppDelegate.m; sourceTree = "<group>"; };
		40BCA4D824C5440000783146 /* SceneDelegate.h */ = {isa = PBXFileReference; lastKnownFileType = sourcecode.c.h; path = SceneDelegate.h; sourceTree = "<group>"; };
		40BCA4D924C5440000783146 /* SceneDelegate.m */ = {isa = PBXFileReference; lastKnownFileType = sourcecode.c.objc; path = SceneDelegate.m; sourceTree = "<group>"; };
		40BCA4DB24C5440000783146 /* ViewController.h */ = {isa = PBXFileReference; lastKnownFileType = sourcecode.c.h; path = ViewController.h; sourceTree = "<group>"; };
		40BCA4DC24C5440000783146 /* ViewController.m */ = {isa = PBXFileReference; lastKnownFileType = sourcecode.c.objc; path = ViewController.m; sourceTree = "<group>"; };
		40BCA4DF24C5440000783146 /* Base */ = {isa = PBXFileReference; lastKnownFileType = file.storyboard; name = Base; path = Base.lproj/Main.storyboard; sourceTree = "<group>"; };
		40BCA4E124C5440100783146 /* Assets.xcassets */ = {isa = PBXFileReference; lastKnownFileType = folder.assetcatalog; path = Assets.xcassets; sourceTree = "<group>"; };
		40BCA4E424C5440100783146 /* Base */ = {isa = PBXFileReference; lastKnownFileType = file.storyboard; name = Base; path = Base.lproj/LaunchScreen.storyboard; sourceTree = "<group>"; };
		40BCA4E624C5440100783146 /* Info.plist */ = {isa = PBXFileReference; lastKnownFileType = text.plist.xml; path = Info.plist; sourceTree = "<group>"; };
		40BCA4E724C5440100783146 /* main.m */ = {isa = PBXFileReference; lastKnownFileType = sourcecode.c.objc; path = main.m; sourceTree = "<group>"; };
		40BCA4F024C5452C00783146 /* config.json */ = {isa = PBXFileReference; lastKnownFileType = text.json; path = config.json; sourceTree = "<group>"; };
		4E2EB2A64B76EAA87C555066 /* Pods-screenLoadingVIew.debug.xcconfig */ = {isa = PBXFileReference; includeInIndex = 1; lastKnownFileType = text.xcconfig; name = "Pods-screenLoadingVIew.debug.xcconfig"; path = "Target Support Files/Pods-screenLoadingVIew/Pods-screenLoadingVIew.debug.xcconfig"; sourceTree = "<group>"; };
		96EBB74F6D374A60134C9B6B /* libPods-screenLoadingVIew.a */ = {isa = PBXFileReference; explicitFileType = archive.ar; includeInIndex = 0; path = "libPods-screenLoadingVIew.a"; sourceTree = BUILT_PRODUCTS_DIR; };
/* End PBXFileReference section */

/* Begin PBXFrameworksBuildPhase section */
		40BCA4CF24C5440000783146 /* Frameworks */ = {
			isa = PBXFrameworksBuildPhase;
			buildActionMask = 2147483647;
			files = (
				3D05936661841B9D1861C894 /* libPods-screenLoadingVIew.a in Frameworks */,
			);
			runOnlyForDeploymentPostprocessing = 0;
		};
/* End PBXFrameworksBuildPhase section */

/* Begin PBXGroup section */
		40BCA4C924C5440000783146 = {
			isa = PBXGroup;
			children = (
				40BCA4D424C5440000783146 /* screenLoadingVIew */,
				40BCA4D324C5440000783146 /* Products */,
				44400A12E2CCDC6924735C00 /* Pods */,
				B0457EB1A5009007E34901DC /* Frameworks */,
			);
			sourceTree = "<group>";
		};
		40BCA4D324C5440000783146 /* Products */ = {
			isa = PBXGroup;
			children = (
				40BCA4D224C5440000783146 /* screenLoadingVIew.app */,
			);
			name = Products;
			sourceTree = "<group>";
		};
		40BCA4D424C5440000783146 /* screenLoadingVIew */ = {
			isa = PBXGroup;
			children = (
				40BCA4D524C5440000783146 /* AppDelegate.h */,
				40BCA4D624C5440000783146 /* AppDelegate.m */,
				40BCA4D824C5440000783146 /* SceneDelegate.h */,
				40BCA4D924C5440000783146 /* SceneDelegate.m */,
				40BCA4DB24C5440000783146 /* ViewController.h */,
				40BCA4DC24C5440000783146 /* ViewController.m */,
				40BCA4F024C5452C00783146 /* config.json */,
				40BCA4DE24C5440000783146 /* Main.storyboard */,
				40BCA4E124C5440100783146 /* Assets.xcassets */,
				40BCA4E324C5440100783146 /* LaunchScreen.storyboard */,
				40BCA4E624C5440100783146 /* Info.plist */,
				40BCA4E724C5440100783146 /* main.m */,
			);
			path = screenLoadingVIew;
			sourceTree = "<group>";
		};
		44400A12E2CCDC6924735C00 /* Pods */ = {
			isa = PBXGroup;
			children = (
				4E2EB2A64B76EAA87C555066 /* Pods-screenLoadingVIew.debug.xcconfig */,
				06F0A03A3C292FB821E12624 /* Pods-screenLoadingVIew.release.xcconfig */,
			);
			name = Pods;
			path = Pods;
			sourceTree = "<group>";
		};
		B0457EB1A5009007E34901DC /* Frameworks */ = {
			isa = PBXGroup;
			children = (
				96EBB74F6D374A60134C9B6B /* libPods-screenLoadingVIew.a */,
			);
			name = Frameworks;
			sourceTree = "<group>";
		};
/* End PBXGroup section */

/* Begin PBXNativeTarget section */
		40BCA4D124C5440000783146 /* screenLoadingVIew */ = {
			isa = PBXNativeTarget;
			buildConfigurationList = 40BCA4EB24C5440100783146 /* Build configuration list for PBXNativeTarget "screenLoadingVIew" */;
			buildPhases = (
				B98BC8DFC7F5A2ACE291D5C9 /* [CP] Check Pods Manifest.lock */,
				40BCA4CE24C5440000783146 /* Sources */,
				40BCA4CF24C5440000783146 /* Frameworks */,
				40BCA4D024C5440000783146 /* Resources */,
			);
			buildRules = (
			);
			dependencies = (
			);
			name = screenLoadingVIew;
			productName = screenLoadingVIew;
			productReference = 40BCA4D224C5440000783146 /* screenLoadingVIew.app */;
			productType = "com.apple.product-type.application";
		};
/* End PBXNativeTarget section */

/* Begin PBXProject section */
		40BCA4CA24C5440000783146 /* Project object */ = {
			isa = PBXProject;
			attributes = {
				LastUpgradeCheck = 1130;
				ORGANIZATIONNAME = Chris;
				TargetAttributes = {
					40BCA4D124C5440000783146 = {
						CreatedOnToolsVersion = 11.3.1;
					};
				};
			};
			buildConfigurationList = 40BCA4CD24C5440000783146 /* Build configuration list for PBXProject "screenLoadingVIew" */;
			compatibilityVersion = "Xcode 9.3";
			developmentRegion = en;
			hasScannedForEncodings = 0;
			knownRegions = (
				en,
				Base,
			);
			mainGroup = 40BCA4C924C5440000783146;
			productRefGroup = 40BCA4D324C5440000783146 /* Products */;
			projectDirPath = "";
			projectRoot = "";
			targets = (
				40BCA4D124C5440000783146 /* screenLoadingVIew */,
			);
		};
/* End PBXProject section */

/* Begin PBXResourcesBuildPhase section */
		40BCA4D024C5440000783146 /* Resources */ = {
			isa = PBXResourcesBuildPhase;
			buildActionMask = 2147483647;
			files = (
				40BCA4E524C5440100783146 /* LaunchScreen.storyboard in Resources */,
				40BCA4E224C5440100783146 /* Assets.xcassets in Resources */,
				40BCA4F124C5452C00783146 /* config.json in Resources */,
				40BCA4E024C5440000783146 /* Main.storyboard in Resources */,
			);
			runOnlyForDeploymentPostprocessing = 0;
		};
/* End PBXResourcesBuildPhase section */

/* Begin PBXShellScriptBuildPhase section */
		B98BC8DFC7F5A2ACE291D5C9 /* [CP] Check Pods Manifest.lock */ = {
			isa = PBXShellScriptBuildPhase;
			buildActionMask = 2147483647;
			files = (
			);
			inputFileListPaths = (
			);
			inputPaths = (
				"${PODS_PODFILE_DIR_PATH}/Podfile.lock",
				"${PODS_ROOT}/Manifest.lock",
			);
			name = "[CP] Check Pods Manifest.lock";
			outputFileListPaths = (
			);
			outputPaths = (
				"$(DERIVED_FILE_DIR)/Pods-screenLoadingVIew-checkManifestLockResult.txt",
			);
			runOnlyForDeploymentPostprocessing = 0;
			shellPath = /bin/sh;
			shellScript = "diff \"${PODS_PODFILE_DIR_PATH}/Podfile.lock\" \"${PODS_ROOT}/Manifest.lock\" > /dev/null\nif [ $? != 0 ] ; then\n    # print error to STDERR\n    echo \"error: The sandbox is not in sync with the Podfile.lock. Run 'pod install' or update your CocoaPods installation.\" >&2\n    exit 1\nfi\n# This output is used by Xcode 'outputs' to avoid re-running this script phase.\necho \"SUCCESS\" > \"${SCRIPT_OUTPUT_FILE_0}\"\n";
			showEnvVarsInLog = 0;
		};
/* End PBXShellScriptBuildPhase section */

/* Begin PBXSourcesBuildPhase section */
		40BCA4CE24C5440000783146 /* Sources */ = {
			isa = PBXSourcesBuildPhase;
			buildActionMask = 2147483647;
			files = (
				40BCA4DD24C5440000783146 /* ViewController.m in Sources */,
				40BCA4D724C5440000783146 /* AppDelegate.m in Sources */,
				40BCA4E824C5440100783146 /* main.m in Sources */,
				40BCA4DA24C5440000783146 /* SceneDelegate.m in Sources */,
			);
			runOnlyForDeploymentPostprocessing = 0;
		};
/* End PBXSourcesBuildPhase section */

/* Begin PBXVariantGroup section */
		40BCA4DE24C5440000783146 /* Main.storyboard */ = {
			isa = PBXVariantGroup;
			children = (
				40BCA4DF24C5440000783146 /* Base */,
			);
			name = Main.storyboard;
			sourceTree = "<group>";
		};
		40BCA4E324C5440100783146 /* LaunchScreen.storyboard */ = {
			isa = PBXVariantGroup;
			children = (
				40BCA4E424C5440100783146 /* Base */,
			);
			name = LaunchScreen.storyboard;
			sourceTree = "<group>";
		};
/* End PBXVariantGroup section */

/* Begin XCBuildConfiguration section */
		40BCA4E924C5440100783146 /* Debug */ = {
			isa = XCBuildConfiguration;
			buildSettings = {
				ALWAYS_SEARCH_USER_PATHS = NO;
				CLANG_ANALYZER_NONNULL = YES;
				CLANG_ANALYZER_NUMBER_OBJECT_CONVERSION = YES_AGGRESSIVE;
				CLANG_CXX_LANGUAGE_STANDARD = "gnu++14";
				CLANG_CXX_LIBRARY = "libc++";
				CLANG_ENABLE_MODULES = YES;
				CLANG_ENABLE_OBJC_ARC = YES;
				CLANG_ENABLE_OBJC_WEAK = YES;
				CLANG_WARN_BLOCK_CAPTURE_AUTORELEASING = YES;
				CLANG_WARN_BOOL_CONVERSION = YES;
				CLANG_WARN_COMMA = YES;
				CLANG_WARN_CONSTANT_CONVERSION = YES;
				CLANG_WARN_DEPRECATED_OBJC_IMPLEMENTATIONS = YES;
				CLANG_WARN_DIRECT_OBJC_ISA_USAGE = YES_ERROR;
				CLANG_WARN_DOCUMENTATION_COMMENTS = YES;
				CLANG_WARN_EMPTY_BODY = YES;
				CLANG_WARN_ENUM_CONVERSION = YES;
				CLANG_WARN_INFINITE_RECURSION = YES;
				CLANG_WARN_INT_CONVERSION = YES;
				CLANG_WARN_NON_LITERAL_NULL_CONVERSION = YES;
				CLANG_WARN_OBJC_IMPLICIT_RETAIN_SELF = YES;
				CLANG_WARN_OBJC_LITERAL_CONVERSION = YES;
				CLANG_WARN_OBJC_ROOT_CLASS = YES_ERROR;
				CLANG_WARN_RANGE_LOOP_ANALYSIS = YES;
				CLANG_WARN_STRICT_PROTOTYPES = YES;
				CLANG_WARN_SUSPICIOUS_MOVE = YES;
				CLANG_WARN_UNGUARDED_AVAILABILITY = YES_AGGRESSIVE;
				CLANG_WARN_UNREACHABLE_CODE = YES;
				CLANG_WARN__DUPLICATE_METHOD_MATCH = YES;
				COPY_PHASE_STRIP = NO;
				DEBUG_INFORMATION_FORMAT = dwarf;
				ENABLE_STRICT_OBJC_MSGSEND = YES;
				ENABLE_TESTABILITY = YES;
				GCC_C_LANGUAGE_STANDARD = gnu11;
				GCC_DYNAMIC_NO_PIC = NO;
				GCC_NO_COMMON_BLOCKS = YES;
				GCC_OPTIMIZATION_LEVEL = 0;
				GCC_PREPROCESSOR_DEFINITIONS = (
					"DEBUG=1",
					"$(inherited)",
				);
				GCC_WARN_64_TO_32_BIT_CONVERSION = YES;
				GCC_WARN_ABOUT_RETURN_TYPE = YES_ERROR;
				GCC_WARN_UNDECLARED_SELECTOR = YES;
				GCC_WARN_UNINITIALIZED_AUTOS = YES_AGGRESSIVE;
				GCC_WARN_UNUSED_FUNCTION = YES;
				GCC_WARN_UNUSED_VARIABLE = YES;
				IPHONEOS_DEPLOYMENT_TARGET = 13.2;
				MTL_ENABLE_DEBUG_INFO = INCLUDE_SOURCE;
				MTL_FAST_MATH = YES;
				ONLY_ACTIVE_ARCH = YES;
				SDKROOT = iphoneos;
			};
			name = Debug;
		};
		40BCA4EA24C5440100783146 /* Release */ = {
			isa = XCBuildConfiguration;
			buildSettings = {
				ALWAYS_SEARCH_USER_PATHS = NO;
				CLANG_ANALYZER_NONNULL = YES;
				CLANG_ANALYZER_NUMBER_OBJECT_CONVERSION = YES_AGGRESSIVE;
				CLANG_CXX_LANGUAGE_STANDARD = "gnu++14";
				CLANG_CXX_LIBRARY = "libc++";
				CLANG_ENABLE_MODULES = YES;
				CLANG_ENABLE_OBJC_ARC = YES;
				CLANG_ENABLE_OBJC_WEAK = YES;
				CLANG_WARN_BLOCK_CAPTURE_AUTORELEASING = YES;
				CLANG_WARN_BOOL_CONVERSION = YES;
				CLANG_WARN_COMMA = YES;
				CLANG_WARN_CONSTANT_CONVERSION = YES;
				CLANG_WARN_DEPRECATED_OBJC_IMPLEMENTATIONS = YES;
				CLANG_WARN_DIRECT_OBJC_ISA_USAGE = YES_ERROR;
				CLANG_WARN_DOCUMENTATION_COMMENTS = YES;
				CLANG_WARN_EMPTY_BODY = YES;
				CLANG_WARN_ENUM_CONVERSION = YES;
				CLANG_WARN_INFINITE_RECURSION = YES;
				CLANG_WARN_INT_CONVERSION = YES;
				CLANG_WARN_NON_LITERAL_NULL_CONVERSION = YES;
				CLANG_WARN_OBJC_IMPLICIT_RETAIN_SELF = YES;
				CLANG_WARN_OBJC_LITERAL_CONVERSION = YES;
				CLANG_WARN_OBJC_ROOT_CLASS = YES_ERROR;
				CLANG_WARN_RANGE_LOOP_ANALYSIS = YES;
				CLANG_WARN_STRICT_PROTOTYPES = YES;
				CLANG_WARN_SUSPICIOUS_MOVE = YES;
				CLANG_WARN_UNGUARDED_AVAILABILITY = YES_AGGRESSIVE;
				CLANG_WARN_UNREACHABLE_CODE = YES;
				CLANG_WARN__DUPLICATE_METHOD_MATCH = YES;
				COPY_PHASE_STRIP = NO;
				DEBUG_INFORMATION_FORMAT = "dwarf-with-dsym";
				ENABLE_NS_ASSERTIONS = NO;
				ENABLE_STRICT_OBJC_MSGSEND = YES;
				GCC_C_LANGUAGE_STANDARD = gnu11;
				GCC_NO_COMMON_BLOCKS = YES;
				GCC_WARN_64_TO_32_BIT_CONVERSION = YES;
				GCC_WARN_ABOUT_RETURN_TYPE = YES_ERROR;
				GCC_WARN_UNDECLARED_SELECTOR = YES;
				GCC_WARN_UNINITIALIZED_AUTOS = YES_AGGRESSIVE;
				GCC_WARN_UNUSED_FUNCTION = YES;
				GCC_WARN_UNUSED_VARIABLE = YES;
				IPHONEOS_DEPLOYMENT_TARGET = 13.2;
				MTL_ENABLE_DEBUG_INFO = NO;
				MTL_FAST_MATH = YES;
				SDKROOT = iphoneos;
				VALIDATE_PRODUCT = YES;
			};
			name = Release;
		};
		40BCA4EC24C5440100783146 /* Debug */ = {
			isa = XCBuildConfiguration;
			baseConfigurationReference = 4E2EB2A64B76EAA87C555066 /* Pods-screenLoadingVIew.debug.xcconfig */;
			buildSettings = {
				ASSETCATALOG_COMPILER_APPICON_NAME = AppIcon;
				CODE_SIGN_IDENTITY = "iPhone Developer";
				CODE_SIGN_STYLE = Manual;
				DEVELOPMENT_TEAM = 4UV82BNFSA;
				INFOPLIST_FILE = screenLoadingVIew/Info.plist;
				LD_RUNPATH_SEARCH_PATHS = (
					"$(inherited)",
					"@executable_path/Frameworks",
				);
				PRODUCT_BUNDLE_IDENTIFIER = com.ziroom.www.screenLoadingVIew;
				PRODUCT_NAME = "$(TARGET_NAME)";
				PROVISIONING_PROFILE_SPECIFIER = allTest_20200619;
				TARGETED_DEVICE_FAMILY = "1,2";
			};
			name = Debug;
		};
		40BCA4ED24C5440100783146 /* Release */ = {
			isa = XCBuildConfiguration;
			baseConfigurationReference = 06F0A03A3C292FB821E12624 /* Pods-screenLoadingVIew.release.xcconfig */;
			buildSettings = {
				ASSETCATALOG_COMPILER_APPICON_NAME = AppIcon;
				CODE_SIGN_IDENTITY = "iPhone Developer";
				CODE_SIGN_STYLE = Manual;
				DEVELOPMENT_TEAM = 4UV82BNFSA;
				INFOPLIST_FILE = screenLoadingVIew/Info.plist;
				LD_RUNPATH_SEARCH_PATHS = (
					"$(inherited)",
					"@executable_path/Frameworks",
				);
				PRODUCT_BUNDLE_IDENTIFIER = com.ziroom.www.screenLoadingVIew;
				PRODUCT_NAME = "$(TARGET_NAME)";
				PROVISIONING_PROFILE_SPECIFIER = allTest_20200619;
				TARGETED_DEVICE_FAMILY = "1,2";
			};
			name = Release;
		};
/* End XCBuildConfiguration section */

/* Begin XCConfigurationList section */
		40BCA4CD24C5440000783146 /* Build configuration list for PBXProject "screenLoadingVIew" */ = {
			isa = XCConfigurationList;
			buildConfigurations = (
				40BCA4E924C5440100783146 /* Debug */,
				40BCA4EA24C5440100783146 /* Release */,
			);
			defaultConfigurationIsVisible = 0;
			defaultConfigurationName = Release;
		};
		40BCA4EB24C5440100783146 /* Build configuration list for PBXNativeTarget "screenLoadingVIew" */ = {
			isa = XCConfigurationList;
			buildConfigurations = (
				40BCA4EC24C5440100783146 /* Debug */,
				40BCA4ED24C5440100783146 /* Release */,
			);
			defaultConfigurationIsVisible = 0;
			defaultConfigurationName = Release;
		};
/* End XCConfigurationList section */
	};
	rootObject = 40BCA4CA24C5440000783146 /* Project object */;
}
